<Solution>
  <Folder Name="/samples/">
    <Project Path="samples/PicoCfg.Sample/PicoCfg.Sample.csproj" />
  </Folder>
  <Folder Name="/src/">
    <Project Path="src/PicoCfg.Abs/PicoCfg.Abs.csproj" />
    <Project Path="src/PicoCfg/PicoCfg.csproj" />
  </Folder>
  <Folder Name="/tests/">
    <Project Path="tests/PicoCfg.Tests/PicoCfg.Tests.csproj" />
  </Folder>
</Solution>